
Microsoft Visual Studio Solution File, Format Version 12.00
# Visual Studio Version 17
VisualStudioVersion = 17.0.31903.59
MinimumVisualStudioVersion = 10.0.40219.1
Project("{FAE04EC0-301F-11D3-BF4B-00C04F79EFBC}") = "API", "API\API.csproj", "{71923DB4-30D3-4930-9876-2470CA68C72B}"
EndProject
Project("{FAE04EC0-301F-11D3-BF4B-00C04F79EFBC}") = "Core", "Core\Core.csproj", "{76B6B2C1-A83A-480C-8FF3-D5DC1FA3D8A4}"
EndProject
Project("{FAE04EC0-301F-11D3-BF4B-00C04F79EFBC}") = "Infrastructure", "Infrastructure\Infrastructure.csproj", "{D2ACA0F0-D9AC-430C-844B-A1A369118373}"
EndProject
Global
	GlobalSection(SolutionConfigurationPlatforms) = preSolution
		Debug|Any CPU = Debug|Any CPU
		Release|Any CPU = Release|Any CPU
	EndGlobalSection
	GlobalSection(SolutionProperties) = preSolution
		HideSolutionNode = FALSE
	EndGlobalSection
	GlobalSection(ProjectConfigurationPlatforms) = postSolution
		{71923DB4-30D3-4930-9876-2470CA68C72B}.Debug|Any CPU.ActiveCfg = Debug|Any CPU
		{71923DB4-30D3-4930-9876-2470CA68C72B}.Debug|Any CPU.Build.0 = Debug|Any CPU
		{71923DB4-30D3-4930-9876-2470CA68C72B}.Release|Any CPU.ActiveCfg = Release|Any CPU
		{71923DB4-30D3-4930-9876-2470CA68C72B}.Release|Any CPU.Build.0 = Release|Any CPU
		{76B6B2C1-A83A-480C-8FF3-D5DC1FA3D8A4}.Debug|Any CPU.ActiveCfg = Debug|Any CPU
		{76B6B2C1-A83A-480C-8FF3-D5DC1FA3D8A4}.Debug|Any CPU.Build.0 = Debug|Any CPU
		{76B6B2C1-A83A-480C-8FF3-D5DC1FA3D8A4}.Release|Any CPU.ActiveCfg = Release|Any CPU
		{76B6B2C1-A83A-480C-8FF3-D5DC1FA3D8A4}.Release|Any CPU.Build.0 = Release|Any CPU
		{D2ACA0F0-D9AC-430C-844B-A1A369118373}.Debug|Any CPU.ActiveCfg = Debug|Any CPU
		{D2ACA0F0-D9AC-430C-844B-A1A369118373}.Debug|Any CPU.Build.0 = Debug|Any CPU
		{D2ACA0F0-D9AC-430C-844B-A1A369118373}.Release|Any CPU.ActiveCfg = Release|Any CPU
		{D2ACA0F0-D9AC-430C-844B-A1A369118373}.Release|Any CPU.Build.0 = Release|Any CPU
	EndGlobalSection
EndGlobal
